
Microsoft Visual Studio Solution File, Format Version 12.00
# Visual Studio Version 16
VisualStudioVersion = 16.0.31729.503
MinimumVisualStudioVersion = 10.0.40219.1
Project("{FAE04EC0-301F-11D3-BF4B-00C04F79EFBC}") = "SMA-ModelEditor", "SMA-ModelEditor.csproj", "{AA390666-E4D9-4033-94E9-D0882A325BEE}"
EndProject
Global
	GlobalSection(SolutionConfigurationPlatforms) = preSolution
		Debug|Any CPU = Debug|Any CPU
		Release|Any CPU = Release|Any CPU
	EndGlobalSection
	GlobalSection(ProjectConfigurationPlatforms) = postSolution
		{AA390666-E4D9-4033-94E9-D0882A325BEE}.Debug|Any CPU.ActiveCfg = Debug|Any CPU
		{AA390666-E4D9-4033-94E9-D0882A325BEE}.Debug|Any CPU.Build.0 = Debug|Any CPU
		{AA390666-E4D9-4033-94E9-D0882A325BEE}.Release|Any CPU.ActiveCfg = Release|Any CPU
		{AA390666-E4D9-4033-94E9-D0882A325BEE}.Release|Any CPU.Build.0 = Release|Any CPU
	EndGlobalSection
	GlobalSection(SolutionProperties) = preSolution
		HideSolutionNode = FALSE
	EndGlobalSection
	GlobalSection(ExtensibilityGlobals) = postSolution
		SolutionGuid = {2C25E9A1-2263-4602-8B0B-89AC70277D69}
	EndGlobalSection
EndGlobal
